{
    "_readme": [
        "This file locks the dependencies of your project to a known state",
        "Read more about it at https://getcomposer.org/doc/01-basic-usage.md#installing-dependencies",
        "This file is @generated automatically"
    ],
    "content-hash": "ba579a0677dfe6643c6328949a48e99e",
    "packages": [
        {
            "name": "ideologix/dlm-wp-updater",
            "version": "1.0.4",
            "source": {
                "type": "git",
                "url": "https://github.com/ideologix/dlm-wp-updater.git",
                "reference": "598ae71a77c880b8744384b1ade20f8b9522be7d"
            },
            "dist": {
                "type": "zip",
                "url": "https://api.github.com/repos/ideologix/dlm-wp-updater/zipball/598ae71a77c880b8744384b1ade20f8b9522be7d",
                "reference": "598ae71a77c880b8744384b1ade20f8b9522be7d",
                "shasum": ""
            },
            "require": {
                "php": ">=5.3"
            },
            "type": "library",
            "autoload": {
                "psr-4": {
                    "IdeoLogix\\DigitalLicenseManagerUpdaterWP\\": "src"
                }
            },
            "notification-url": "https://packagist.org/downloads/",
            "license": [
                "GPL-2.0-or-later"
            ],
            "authors": [
                {
                    "name": "Darko Gjorgjijoski",
                    "email": "dg@darkog.com"
                }
            ],
            "description": "PHP WordPress updater for your plugins and themes that utilizes the Digital License Manager PRO REST APIs",
            "support": {
                "issues": "https://github.com/ideologix/dlm-wp-updater/issues",
                "source": "https://github.com/ideologix/dlm-wp-updater/tree/1.0.4"
            },
            "time": "2021-11-16T01:01:38+00:00"
        }
    ],
    "packages-dev": [],
    "aliases": [],
    "minimum-stability": "stable",
    "stability-flags": [],
    "prefer-stable": false,
    "prefer-lowest": false,
    "platform": [],
    "platform-dev": [],
    "plugin-api-version": "2.1.0"
}
